<?xml version="1.0" encoding="utf-8"?>
<Project ToolsVersion="4.0" xmlns="http://schemas.microsoft.com/developer/msbuild/2003">
  <ItemGroup>
    <Filter Include="Source Files">
      <UniqueIdentifier>{284b3a6f-653b-4c82-af1a-18dc449e36d1}</UniqueIdentifier>
      <Extensions>cpp;c;cxx;rc;def;r;odl;idl;hpj;bat</Extensions>
    </Filter>
    <Filter Include="Header Files">
      <UniqueIdentifier>{5b3aa1f6-fc27-49b0-87ff-9db0b616c4d3}</UniqueIdentifier>
      <Extensions>h;hpp;hxx;hm;inl</Extensions>
    </Filter>
    <Filter Include="Resource Files">
      <UniqueIdentifier>{ad620c67-a3e5-4e07-a9f0-2964b56beccb}</UniqueIdentifier>
      <Extensions>ico;cur;bmp;dlg;rc2;rct;bin;rgs;gif;jpg;jpeg;jpe</Extensions>
    </Filter>
  </ItemGroup>
  <ItemGroup>
    <ClCompile Include="Coordinator.cpp">
      <Filter>Source Files</Filter>
    </ClCompile>
    <ClCompile Include="dynamic.cpp">
      <Filter>Source Files</Filter>
    </ClCompile>
    <ClCompile Include="functionality.cpp">
      <Filter>Source Files</Filter>
    </ClCompile>
    <ClCompile Include="Functions.cpp">
      <Filter>Source Files</Filter>
    </ClCompile>
    <ClCompile Include="oldTests.cpp">
      <Filter>Source Files</Filter>
    </ClCompile>
    <ClCompile Include="specialf.cpp">
      <Filter>Source Files</Filter>
    </ClCompile>
    <ClCompile Include="StdAfx.cpp">
      <Filter>Source Files</Filter>
    </ClCompile>
    <ClCompile Include="Systems.cpp">
      <Filter>Source Files</Filter>
    </ClCompile>
    <ClCompile Include="testGSLib_dyn.cpp">
      <Filter>Source Files</Filter>
    </ClCompile>
    <ClCompile Include="tests.cpp">
      <Filter>Source Files</Filter>
    </ClCompile>
    <ClCompile Include="Transition.cpp">
      <Filter>Source Files</Filter>
    </ClCompile>
    <ClCompile Include="Transition1.cpp">
      <Filter>Source Files</Filter>
    </ClCompile>
  </ItemGroup>
  <ItemGroup>
    <ResourceCompile Include="testGSLib_dyn.rc">
      <Filter>Source Files</Filter>
    </ResourceCompile>
  </ItemGroup>
  <ItemGroup>
    <ClInclude Include="Coordinator.h">
      <Filter>Header Files</Filter>
    </ClInclude>
    <ClInclude Include="dynamic.h">
      <Filter>Header Files</Filter>
    </ClInclude>
    <ClInclude Include="functionality.h">
      <Filter>Header Files</Filter>
    </ClInclude>
    <ClInclude Include="Functions.h">
      <Filter>Header Files</Filter>
    </ClInclude>
    <ClInclude Include="oldTests.h">
      <Filter>Header Files</Filter>
    </ClInclude>
    <ClInclude Include="Resource.h">
      <Filter>Header Files</Filter>
    </ClInclude>
    <ClInclude Include="specialf.h">
      <Filter>Header Files</Filter>
    </ClInclude>
    <ClInclude Include="StdAfx.h">
      <Filter>Header Files</Filter>
    </ClInclude>
    <ClInclude Include="Systems.h">
      <Filter>Header Files</Filter>
    </ClInclude>
    <ClInclude Include="testGSLib_dyn.h">
      <Filter>Header Files</Filter>
    </ClInclude>
    <ClInclude Include="tests.h">
      <Filter>Header Files</Filter>
    </ClInclude>
    <ClInclude Include="Transition.h">
      <Filter>Header Files</Filter>
    </ClInclude>
    <ClInclude Include="Transition1.h">
      <Filter>Header Files</Filter>
    </ClInclude>
  </ItemGroup>
  <ItemGroup>
    <Text Include="ReadMe.txt" />
  </ItemGroup>
  <ItemGroup>
    <None Include="..\GSLib_dyn\GSLib_dyn.vcxproj" />
  </ItemGroup>
</Project>