<?xml version="1.0" encoding="utf-8"?>
<Project ToolsVersion="4.0" xmlns="http://schemas.microsoft.com/developer/msbuild/2003">
  <ItemGroup>
    <Filter Include="Source Files">
      <UniqueIdentifier>{bdcd2fe3-235b-4e87-92ae-9d8042d2d9db}</UniqueIdentifier>
      <Extensions>cpp;c;cxx;rc;def;r;odl;idl;hpj;bat</Extensions>
    </Filter>
    <Filter Include="Header Files">
      <UniqueIdentifier>{6215df2c-f180-495b-95fc-8b2ccfa9a300}</UniqueIdentifier>
      <Extensions>h;hpp;hxx;hm;inl</Extensions>
    </Filter>
    <Filter Include="Resource Files">
      <UniqueIdentifier>{19fcfde6-ed2c-4a96-b6cb-9684c052c44a}</UniqueIdentifier>
      <Extensions>ico;cur;bmp;dlg;rc2;rct;bin;rgs;gif;jpg;jpeg;jpe</Extensions>
    </Filter>
  </ItemGroup>
  <ItemGroup>
    <ClCompile Include="element.cpp">
      <Filter>Source Files</Filter>
    </ClCompile>
    <ClCompile Include="GBus.cpp">
      <Filter>Source Files</Filter>
    </ClCompile>
    <ClCompile Include="GCElem.cpp">
      <Filter>Source Files</Filter>
    </ClCompile>
    <ClCompile Include="GCoordinator.cpp">
      <Filter>Source Files</Filter>
    </ClCompile>
    <ClCompile Include="GCQueue.cpp">
      <Filter>Source Files</Filter>
    </ClCompile>
    <ClCompile Include="GData.cpp">
      <Filter>Source Files</Filter>
    </ClCompile>
    <ClCompile Include="GDistributionBus.cpp">
      <Filter>Source Files</Filter>
    </ClCompile>
    <ClCompile Include="GDistributionQ.cpp">
      <Filter>Source Files</Filter>
    </ClCompile>
    <ClCompile Include="GDistributionSecv.cpp">
      <Filter>Source Files</Filter>
    </ClCompile>
    <ClCompile Include="GInput.cpp">
      <Filter>Source Files</Filter>
    </ClCompile>
    <ClCompile Include="GMesure.cpp">
      <Filter>Source Files</Filter>
    </ClCompile>
    <ClCompile Include="GNetworkS.cpp">
      <Filter>Source Files</Filter>
    </ClCompile>
    <ClCompile Include="GOutput.cpp">
      <Filter>Source Files</Filter>
    </ClCompile>
    <ClCompile Include="GProcessor.cpp">
      <Filter>Source Files</Filter>
    </ClCompile>
    <ClCompile Include="GProcessorS.cpp">
      <Filter>Source Files</Filter>
    </ClCompile>
    <ClCompile Include="GRepartition.cpp">
      <Filter>Source Files</Filter>
    </ClCompile>
    <ClCompile Include="GSLib_dyn.cpp">
      <Filter>Source Files</Filter>
    </ClCompile>
    <ClCompile Include="GSum.cpp">
      <Filter>Source Files</Filter>
    </ClCompile>
    <ClCompile Include="GTransition.cpp">
      <Filter>Source Files</Filter>
    </ClCompile>
    <ClCompile Include="GTransitionS.cpp">
      <Filter>Source Files</Filter>
    </ClCompile>
    <ClCompile Include="GWire.cpp">
      <Filter>Source Files</Filter>
    </ClCompile>
    <ClCompile Include="Input.cpp">
      <Filter>Source Files</Filter>
    </ClCompile>
    <ClCompile Include="NetworkS.cpp">
      <Filter>Source Files</Filter>
    </ClCompile>
    <ClCompile Include="Output.cpp">
      <Filter>Source Files</Filter>
    </ClCompile>
    <ClCompile Include="parser_func.cpp">
      <Filter>Source Files</Filter>
    </ClCompile>
    <ClCompile Include="parser_func_data.cpp">
      <Filter>Source Files</Filter>
    </ClCompile>
    <ClCompile Include="parser_func_memory.cpp">
      <Filter>Source Files</Filter>
    </ClCompile>
    <ClCompile Include="Processor.cpp">
      <Filter>Source Files</Filter>
    </ClCompile>
    <ClCompile Include="Queues.cpp">
      <Filter>Source Files</Filter>
    </ClCompile>
    <ClCompile Include="SCoordinator.cpp">
      <Filter>Source Files</Filter>
    </ClCompile>
    <ClCompile Include="SDotP.cpp">
      <Filter>Source Files</Filter>
    </ClCompile>
    <ClCompile Include="SGain.cpp">
      <Filter>Source Files</Filter>
    </ClCompile>
    <ClCompile Include="SInputCoordinator.cpp">
      <Filter>Source Files</Filter>
    </ClCompile>
    <ClCompile Include="SInputPartModification.cpp">
      <Filter>Source Files</Filter>
    </ClCompile>
    <ClCompile Include="SMult.cpp">
      <Filter>Source Files</Filter>
    </ClCompile>
    <ClCompile Include="SNorm.cpp">
      <Filter>Source Files</Filter>
    </ClCompile>
    <ClCompile Include="SProcessor.cpp">
      <Filter>Source Files</Filter>
    </ClCompile>
    <ClCompile Include="SQueue.cpp">
      <Filter>Source Files</Filter>
    </ClCompile>
    <ClCompile Include="StdAfx.cpp">
      <Filter>Source Files</Filter>
    </ClCompile>
    <ClCompile Include="STLineSD.cpp">
      <Filter>Source Files</Filter>
    </ClCompile>
    <ClCompile Include="STLineVD.cpp">
      <Filter>Source Files</Filter>
    </ClCompile>
  </ItemGroup>
  <ItemGroup>
    <Midl Include="GSLib_dyn.odl">
      <Filter>Source Files</Filter>
    </Midl>
  </ItemGroup>
  <ItemGroup>
    <ResourceCompile Include="GSLib_dyn.rc">
      <Filter>Source Files</Filter>
    </ResourceCompile>
  </ItemGroup>
  <ItemGroup>
    <ClInclude Include="element.h">
      <Filter>Header Files</Filter>
    </ClInclude>
    <ClInclude Include="GBus.h">
      <Filter>Header Files</Filter>
    </ClInclude>
    <ClInclude Include="GCElem.h">
      <Filter>Header Files</Filter>
    </ClInclude>
    <ClInclude Include="GCoordinator.h">
      <Filter>Header Files</Filter>
    </ClInclude>
    <ClInclude Include="GCQueue.h">
      <Filter>Header Files</Filter>
    </ClInclude>
    <ClInclude Include="GData.h">
      <Filter>Header Files</Filter>
    </ClInclude>
    <ClInclude Include="GDistributionBus.h">
      <Filter>Header Files</Filter>
    </ClInclude>
    <ClInclude Include="GDistributionQ.h">
      <Filter>Header Files</Filter>
    </ClInclude>
    <ClInclude Include="GDistributionSecv.h">
      <Filter>Header Files</Filter>
    </ClInclude>
    <ClInclude Include="GInput.h">
      <Filter>Header Files</Filter>
    </ClInclude>
    <ClInclude Include="GMesure.h">
      <Filter>Header Files</Filter>
    </ClInclude>
    <ClInclude Include="GNetworkS.h">
      <Filter>Header Files</Filter>
    </ClInclude>
    <ClInclude Include="GOutput.h">
      <Filter>Header Files</Filter>
    </ClInclude>
    <ClInclude Include="GProcessor.h">
      <Filter>Header Files</Filter>
    </ClInclude>
    <ClInclude Include="GProcessorS.h">
      <Filter>Header Files</Filter>
    </ClInclude>
    <ClInclude Include="GRepartition.h">
      <Filter>Header Files</Filter>
    </ClInclude>
    <ClInclude Include="GSLib.h">
      <Filter>Header Files</Filter>
    </ClInclude>
    <ClInclude Include="GSLib_dyn.h">
      <Filter>Header Files</Filter>
    </ClInclude>
    <ClInclude Include="GSum.h">
      <Filter>Header Files</Filter>
    </ClInclude>
    <ClInclude Include="GTransition.h">
      <Filter>Header Files</Filter>
    </ClInclude>
    <ClInclude Include="GTransitionS.h">
      <Filter>Header Files</Filter>
    </ClInclude>
    <ClInclude Include="GWire.h">
      <Filter>Header Files</Filter>
    </ClInclude>
    <ClInclude Include="Input.h">
      <Filter>Header Files</Filter>
    </ClInclude>
    <ClInclude Include="NetworkS.h">
      <Filter>Header Files</Filter>
    </ClInclude>
    <ClInclude Include="Output.h">
      <Filter>Header Files</Filter>
    </ClInclude>
    <ClInclude Include="parser_func.h">
      <Filter>Header Files</Filter>
    </ClInclude>
    <ClInclude Include="parser_func_data.h">
      <Filter>Header Files</Filter>
    </ClInclude>
    <ClInclude Include="parser_func_memory.h">
      <Filter>Header Files</Filter>
    </ClInclude>
    <ClInclude Include="Processor.h">
      <Filter>Header Files</Filter>
    </ClInclude>
    <ClInclude Include="Queues.h">
      <Filter>Header Files</Filter>
    </ClInclude>
    <ClInclude Include="Resource.h">
      <Filter>Header Files</Filter>
    </ClInclude>
    <ClInclude Include="SCoordinator.h">
      <Filter>Header Files</Filter>
    </ClInclude>
    <ClInclude Include="SDotP.h">
      <Filter>Header Files</Filter>
    </ClInclude>
    <ClInclude Include="SGain.h">
      <Filter>Header Files</Filter>
    </ClInclude>
    <ClInclude Include="SInputCoordinator.h">
      <Filter>Header Files</Filter>
    </ClInclude>
    <ClInclude Include="SInputPartModification.h">
      <Filter>Header Files</Filter>
    </ClInclude>
    <ClInclude Include="SMult.h">
      <Filter>Header Files</Filter>
    </ClInclude>
    <ClInclude Include="SNorm.h">
      <Filter>Header Files</Filter>
    </ClInclude>
    <ClInclude Include="SProcessor.h">
      <Filter>Header Files</Filter>
    </ClInclude>
    <ClInclude Include="SQueue.h">
      <Filter>Header Files</Filter>
    </ClInclude>
    <ClInclude Include="StdAfx.h">
      <Filter>Header Files</Filter>
    </ClInclude>
    <ClInclude Include="STLineSD.h">
      <Filter>Header Files</Filter>
    </ClInclude>
    <ClInclude Include="STLineVD.h">
      <Filter>Header Files</Filter>
    </ClInclude>
  </ItemGroup>
  <ItemGroup>
    <Text Include="ReadMe.txt" />
  </ItemGroup>
  <ItemGroup>
    <CustomBuild Include="GSLib_dyn.def">
      <Filter>Source Files</Filter>
    </CustomBuild>
    <CustomBuild Include="res\GSLib_dyn.rc2">
      <Filter>Resource Files</Filter>
    </CustomBuild>
  </ItemGroup>
</Project>